
Microsoft Visual Studio Solution File, Format Version 12.00
# Visual Studio Version 17
VisualStudioVersion = 17.3.32929.385
MinimumVisualStudioVersion = 10.0.40219.1
Project("{9A19103F-16F7-4668-BE54-9A1E7A4F7556}") = "FunctionAppIoTHubD2CToADT", "FunctionAppIoTHubD2CToADT\FunctionAppIoTHubD2CToADT.csproj", "{0443E814-94F1-4657-9F5C-E949802DC16A}"
EndProject
Project("{9A19103F-16F7-4668-BE54-9A1E7A4F7556}") = "FunctionAppSignalRService", "FunctionAppSignalRService\FunctionAppSignalRService.csproj", "{071D3C2B-43BD-4566-A2B8-206317D355F0}"
EndProject
Project("{9A19103F-16F7-4668-BE54-9A1E7A4F7556}") = "FunctionAppTimerFeature", "FunctionAppTimerFeature\FunctionAppTimerFeature.csproj", "{99A569C9-0DE1-4B34-BBB3-30BD9D683ECD}"
EndProject
Project("{9A19103F-16F7-4668-BE54-9A1E7A4F7556}") = "FunctionAppEHReceive", "FunctionAppEHReceive\FunctionAppEHReceive.csproj", "{60284742-678E-4957-94E8-991AF178F516}"
EndProject
Project("{9A19103F-16F7-4668-BE54-9A1E7A4F7556}") = "FunctionAppSimpleBlobReceiver", "..\..\..\..\source\repos\MagazinIoTOnCloud\FunctionAppSimpleBlobReceiver\FunctionAppSimpleBlobReceiver.csproj", "{3BB33B7B-7630-48DC-B2BA-4A87A3307B26}"
EndProject
Global
	GlobalSection(SolutionConfigurationPlatforms) = preSolution
		Debug|Any CPU = Debug|Any CPU
		Release|Any CPU = Release|Any CPU
	EndGlobalSection
	GlobalSection(ProjectConfigurationPlatforms) = postSolution
		{0443E814-94F1-4657-9F5C-E949802DC16A}.Debug|Any CPU.ActiveCfg = Debug|Any CPU
		{0443E814-94F1-4657-9F5C-E949802DC16A}.Debug|Any CPU.Build.0 = Debug|Any CPU
		{0443E814-94F1-4657-9F5C-E949802DC16A}.Release|Any CPU.ActiveCfg = Release|Any CPU
		{0443E814-94F1-4657-9F5C-E949802DC16A}.Release|Any CPU.Build.0 = Release|Any CPU
		{071D3C2B-43BD-4566-A2B8-206317D355F0}.Debug|Any CPU.ActiveCfg = Debug|Any CPU
		{071D3C2B-43BD-4566-A2B8-206317D355F0}.Debug|Any CPU.Build.0 = Debug|Any CPU
		{071D3C2B-43BD-4566-A2B8-206317D355F0}.Release|Any CPU.ActiveCfg = Release|Any CPU
		{071D3C2B-43BD-4566-A2B8-206317D355F0}.Release|Any CPU.Build.0 = Release|Any CPU
		{99A569C9-0DE1-4B34-BBB3-30BD9D683ECD}.Debug|Any CPU.ActiveCfg = Debug|Any CPU
		{99A569C9-0DE1-4B34-BBB3-30BD9D683ECD}.Debug|Any CPU.Build.0 = Debug|Any CPU
		{99A569C9-0DE1-4B34-BBB3-30BD9D683ECD}.Release|Any CPU.ActiveCfg = Release|Any CPU
		{99A569C9-0DE1-4B34-BBB3-30BD9D683ECD}.Release|Any CPU.Build.0 = Release|Any CPU
		{60284742-678E-4957-94E8-991AF178F516}.Debug|Any CPU.ActiveCfg = Debug|Any CPU
		{60284742-678E-4957-94E8-991AF178F516}.Debug|Any CPU.Build.0 = Debug|Any CPU
		{60284742-678E-4957-94E8-991AF178F516}.Release|Any CPU.ActiveCfg = Release|Any CPU
		{60284742-678E-4957-94E8-991AF178F516}.Release|Any CPU.Build.0 = Release|Any CPU
		{3BB33B7B-7630-48DC-B2BA-4A87A3307B26}.Debug|Any CPU.ActiveCfg = Debug|Any CPU
		{3BB33B7B-7630-48DC-B2BA-4A87A3307B26}.Debug|Any CPU.Build.0 = Debug|Any CPU
		{3BB33B7B-7630-48DC-B2BA-4A87A3307B26}.Release|Any CPU.ActiveCfg = Release|Any CPU
		{3BB33B7B-7630-48DC-B2BA-4A87A3307B26}.Release|Any CPU.Build.0 = Release|Any CPU
	EndGlobalSection
	GlobalSection(SolutionProperties) = preSolution
		HideSolutionNode = FALSE
	EndGlobalSection
	GlobalSection(ExtensibilityGlobals) = postSolution
		SolutionGuid = {2B893B6C-6999-4474-892C-218365E529C8}
	EndGlobalSection
EndGlobal
