
Microsoft Visual Studio Solution File, Format Version 12.00
# Visual Studio Version 17
VisualStudioVersion = 17.2.32526.322
MinimumVisualStudioVersion = 10.0.40219.1
Project("{FAE04EC0-301F-11D3-BF4B-00C04F79EFBC}") = "ConsoleAppIoTDeviceAppPrototype", "ConsoleAppIoTDeviceAppPrototype\ConsoleAppIoTDeviceAppPrototype.csproj", "{4172572F-CB54-4E7D-B98A-7B10272E0544}"
EndProject
Project("{FAE04EC0-301F-11D3-BF4B-00C04F79EFBC}") = "ConsoleAppJobMgmt", "ConsoleAppJobMgmt\ConsoleAppJobMgmt.csproj", "{6C136C5A-EE43-47AD-9880-1461782EC5A7}"
EndProject
Project("{9092AA53-FB77-4645-B42D-1CCCA6BD08BD}") = "NodejsConsoleAppJobScheduleMethod", "NodejsConsoleAppJobScheduleMethod\NodejsConsoleAppJobScheduleMethod.njsproj", "{ECF758E0-23AC-46EA-A5DB-49C5FA97D082}"
EndProject
Global
	GlobalSection(SolutionConfigurationPlatforms) = preSolution
		Debug|Any CPU = Debug|Any CPU
		Release|Any CPU = Release|Any CPU
	EndGlobalSection
	GlobalSection(ProjectConfigurationPlatforms) = postSolution
		{4172572F-CB54-4E7D-B98A-7B10272E0544}.Debug|Any CPU.ActiveCfg = Debug|Any CPU
		{4172572F-CB54-4E7D-B98A-7B10272E0544}.Debug|Any CPU.Build.0 = Debug|Any CPU
		{4172572F-CB54-4E7D-B98A-7B10272E0544}.Release|Any CPU.ActiveCfg = Release|Any CPU
		{4172572F-CB54-4E7D-B98A-7B10272E0544}.Release|Any CPU.Build.0 = Release|Any CPU
		{6C136C5A-EE43-47AD-9880-1461782EC5A7}.Debug|Any CPU.ActiveCfg = Debug|Any CPU
		{6C136C5A-EE43-47AD-9880-1461782EC5A7}.Debug|Any CPU.Build.0 = Debug|Any CPU
		{6C136C5A-EE43-47AD-9880-1461782EC5A7}.Release|Any CPU.ActiveCfg = Release|Any CPU
		{6C136C5A-EE43-47AD-9880-1461782EC5A7}.Release|Any CPU.Build.0 = Release|Any CPU
		{ECF758E0-23AC-46EA-A5DB-49C5FA97D082}.Debug|Any CPU.ActiveCfg = Debug|Any CPU
		{ECF758E0-23AC-46EA-A5DB-49C5FA97D082}.Debug|Any CPU.Build.0 = Debug|Any CPU
		{ECF758E0-23AC-46EA-A5DB-49C5FA97D082}.Release|Any CPU.ActiveCfg = Release|Any CPU
		{ECF758E0-23AC-46EA-A5DB-49C5FA97D082}.Release|Any CPU.Build.0 = Release|Any CPU
	EndGlobalSection
	GlobalSection(SolutionProperties) = preSolution
		HideSolutionNode = FALSE
	EndGlobalSection
	GlobalSection(ExtensibilityGlobals) = postSolution
		SolutionGuid = {70AAD26B-9DBE-4BE6-BFC6-6E6283968C7B}
	EndGlobalSection
EndGlobal
