
Microsoft Visual Studio Solution File, Format Version 12.00
# Visual Studio Version 17
VisualStudioVersion = 17.2.32526.322
MinimumVisualStudioVersion = 10.0.40219.1
Project("{9A19103F-16F7-4668-BE54-9A1E7A4F7556}") = "ConsoleAppIoTDeviceAppPrototype", "ConsoleAppIoTDeviceAppPrototype\ConsoleAppIoTDeviceAppPrototype.csproj", "{4172572F-CB54-4E7D-B98A-7B10272E0544}"
EndProject
Project("{9A19103F-16F7-4668-BE54-9A1E7A4F7556}") = "ConsoleAppJobMgmt", "ConsoleAppJobMgmt\ConsoleAppJobMgmt.csproj", "{6C136C5A-EE43-47AD-9880-1461782EC5A7}"
EndProject
Project("{9092AA53-FB77-4645-B42D-1CCCA6BD08BD}") = "NodejsConsoleAppJobScheduleMethod", "NodejsConsoleAppJobScheduleMethod\NodejsConsoleAppJobScheduleMethod.njsproj", "{ECF758E0-23AC-46EA-A5DB-49C5FA97D082}"
EndProject
Project("{9A19103F-16F7-4668-BE54-9A1E7A4F7556}") = "ConsoleAppTestDPSTPM", "ConsoleAppTestDPSTPM\ConsoleAppTestDPSTPM.csproj", "{1C7D9F10-6BE7-486C-B034-3C422CE837DF}"
EndProject
Project("{9A19103F-16F7-4668-BE54-9A1E7A4F7556}") = "ConsoleAppTestDPSSASKey", "ConsoleAppTestDPSSASKey\ConsoleAppTestDPSSASKey.csproj", "{648F70F5-5AD0-4F97-9331-4A89337D8289}"
EndProject
Global
	GlobalSection(SolutionConfigurationPlatforms) = preSolution
		Debug|Any CPU = Debug|Any CPU
		Release|Any CPU = Release|Any CPU
	EndGlobalSection
	GlobalSection(ProjectConfigurationPlatforms) = postSolution
		{4172572F-CB54-4E7D-B98A-7B10272E0544}.Debug|Any CPU.ActiveCfg = Debug|Any CPU
		{4172572F-CB54-4E7D-B98A-7B10272E0544}.Debug|Any CPU.Build.0 = Debug|Any CPU
		{4172572F-CB54-4E7D-B98A-7B10272E0544}.Release|Any CPU.ActiveCfg = Release|Any CPU
		{4172572F-CB54-4E7D-B98A-7B10272E0544}.Release|Any CPU.Build.0 = Release|Any CPU
		{6C136C5A-EE43-47AD-9880-1461782EC5A7}.Debug|Any CPU.ActiveCfg = Debug|Any CPU
		{6C136C5A-EE43-47AD-9880-1461782EC5A7}.Debug|Any CPU.Build.0 = Debug|Any CPU
		{6C136C5A-EE43-47AD-9880-1461782EC5A7}.Release|Any CPU.ActiveCfg = Release|Any CPU
		{6C136C5A-EE43-47AD-9880-1461782EC5A7}.Release|Any CPU.Build.0 = Release|Any CPU
		{ECF758E0-23AC-46EA-A5DB-49C5FA97D082}.Debug|Any CPU.ActiveCfg = Debug|Any CPU
		{ECF758E0-23AC-46EA-A5DB-49C5FA97D082}.Debug|Any CPU.Build.0 = Debug|Any CPU
		{ECF758E0-23AC-46EA-A5DB-49C5FA97D082}.Release|Any CPU.ActiveCfg = Release|Any CPU
		{ECF758E0-23AC-46EA-A5DB-49C5FA97D082}.Release|Any CPU.Build.0 = Release|Any CPU
		{1C7D9F10-6BE7-486C-B034-3C422CE837DF}.Debug|Any CPU.ActiveCfg = Debug|Any CPU
		{1C7D9F10-6BE7-486C-B034-3C422CE837DF}.Debug|Any CPU.Build.0 = Debug|Any CPU
		{1C7D9F10-6BE7-486C-B034-3C422CE837DF}.Release|Any CPU.ActiveCfg = Release|Any CPU
		{1C7D9F10-6BE7-486C-B034-3C422CE837DF}.Release|Any CPU.Build.0 = Release|Any CPU
		{648F70F5-5AD0-4F97-9331-4A89337D8289}.Debug|Any CPU.ActiveCfg = Debug|Any CPU
		{648F70F5-5AD0-4F97-9331-4A89337D8289}.Debug|Any CPU.Build.0 = Debug|Any CPU
		{648F70F5-5AD0-4F97-9331-4A89337D8289}.Release|Any CPU.ActiveCfg = Release|Any CPU
		{648F70F5-5AD0-4F97-9331-4A89337D8289}.Release|Any CPU.Build.0 = Release|Any CPU
	EndGlobalSection
	GlobalSection(SolutionProperties) = preSolution
		HideSolutionNode = FALSE
	EndGlobalSection
	GlobalSection(ExtensibilityGlobals) = postSolution
		SolutionGuid = {70AAD26B-9DBE-4BE6-BFC6-6E6283968C7B}
	EndGlobalSection
EndGlobal
